
Microsoft Visual Studio Solution File, Format Version 12.00
# Visual Studio Version 17
VisualStudioVersion = 17.0.31903.59
MinimumVisualStudioVersion = 10.0.40219.1
Project("{2150E333-8FDC-42A3-9474-1A3956D46DE8}") = "src", "src", "{CA8BFABC-EFB6-4ABC-9A30-C6D7B8BEB868}"
EndProject
Project("{FAE04EC0-301F-11D3-BF4B-00C04F79EFBC}") = "Wuwa.Core", "src\Wuwa.Core\Wuwa.Core.csproj", "{897A51F8-39EF-4E29-9F0C-34CA668AC6EF}"
EndProject
Project("{FAE04EC0-301F-11D3-BF4B-00C04F79EFBC}") = "Wuwa.Infrastructure", "src\Wuwa.Infrastructure\Wuwa.Infrastructure.csproj", "{2B13D109-D5B6-4205-9DC2-8021E9080980}"
EndProject
Project("{FAE04EC0-301F-11D3-BF4B-00C04F79EFBC}") = "Wuwa.App", "src\Wuwa.App\Wuwa.App.csproj", "{C8CB9BEF-29D7-45A3-AA0A-16A4B861761E}"
EndProject
Project("{2150E333-8FDC-42A3-9474-1A3956D46DE8}") = "tests", "tests", "{896AA03D-5171-42C4-AF71-8DF08C059043}"
EndProject
Project("{FAE04EC0-301F-11D3-BF4B-00C04F79EFBC}") = "Wuwa.Tests", "tests\Wuwa.Tests\Wuwa.Tests.csproj", "{B8F510CA-435E-4C39-A280-12FBA3C39E54}"
EndProject
Global
	GlobalSection(SolutionConfigurationPlatforms) = preSolution
		Debug|Any CPU = Debug|Any CPU
		Release|Any CPU = Release|Any CPU
	EndGlobalSection
	GlobalSection(SolutionProperties) = preSolution
		HideSolutionNode = FALSE
	EndGlobalSection
	GlobalSection(ProjectConfigurationPlatforms) = postSolution
		{897A51F8-39EF-4E29-9F0C-34CA668AC6EF}.Debug|Any CPU.ActiveCfg = Debug|Any CPU
		{897A51F8-39EF-4E29-9F0C-34CA668AC6EF}.Debug|Any CPU.Build.0 = Debug|Any CPU
		{897A51F8-39EF-4E29-9F0C-34CA668AC6EF}.Release|Any CPU.ActiveCfg = Release|Any CPU
		{897A51F8-39EF-4E29-9F0C-34CA668AC6EF}.Release|Any CPU.Build.0 = Release|Any CPU
		{2B13D109-D5B6-4205-9DC2-8021E9080980}.Debug|Any CPU.ActiveCfg = Debug|Any CPU
		{2B13D109-D5B6-4205-9DC2-8021E9080980}.Debug|Any CPU.Build.0 = Debug|Any CPU
		{2B13D109-D5B6-4205-9DC2-8021E9080980}.Release|Any CPU.ActiveCfg = Release|Any CPU
		{2B13D109-D5B6-4205-9DC2-8021E9080980}.Release|Any CPU.Build.0 = Release|Any CPU
		{C8CB9BEF-29D7-45A3-AA0A-16A4B861761E}.Debug|Any CPU.ActiveCfg = Debug|Any CPU
		{C8CB9BEF-29D7-45A3-AA0A-16A4B861761E}.Debug|Any CPU.Build.0 = Debug|Any CPU
		{C8CB9BEF-29D7-45A3-AA0A-16A4B861761E}.Release|Any CPU.ActiveCfg = Release|Any CPU
		{C8CB9BEF-29D7-45A3-AA0A-16A4B861761E}.Release|Any CPU.Build.0 = Release|Any CPU
		{B8F510CA-435E-4C39-A280-12FBA3C39E54}.Debug|Any CPU.ActiveCfg = Debug|Any CPU
		{B8F510CA-435E-4C39-A280-12FBA3C39E54}.Debug|Any CPU.Build.0 = Debug|Any CPU
		{B8F510CA-435E-4C39-A280-12FBA3C39E54}.Release|Any CPU.ActiveCfg = Release|Any CPU
		{B8F510CA-435E-4C39-A280-12FBA3C39E54}.Release|Any CPU.Build.0 = Release|Any CPU
	EndGlobalSection
	GlobalSection(NestedProjects) = preSolution
		{897A51F8-39EF-4E29-9F0C-34CA668AC6EF} = {CA8BFABC-EFB6-4ABC-9A30-C6D7B8BEB868}
		{2B13D109-D5B6-4205-9DC2-8021E9080980} = {CA8BFABC-EFB6-4ABC-9A30-C6D7B8BEB868}
		{C8CB9BEF-29D7-45A3-AA0A-16A4B861761E} = {CA8BFABC-EFB6-4ABC-9A30-C6D7B8BEB868}
		{B8F510CA-435E-4C39-A280-12FBA3C39E54} = {896AA03D-5171-42C4-AF71-8DF08C059043}
	EndGlobalSection
EndGlobal
